// !$*UTF8*$!
{
	archiveVersion = 1;
	classes = {
	};
	objectVersion = 50;
	objects = {

/* Begin PBXBuildFile section */
		693A5BFA22D015800029A3D0 /* Attribute.swift in Sources */ = {isa = PBXBuildFile; fileRef = 693A5BF922D015800029A3D0 /* Attribute.swift */; };
		693A5BFE22D01A940029A3D0 /* ProgramClient.swift in Sources */ = {isa = PBXBuildFile; fileRef = 693A5BFD22D01A940029A3D0 /* ProgramClient.swift */; };
		69CC091622CEBC9700ACCBD7 /* AppDelegate.swift in Sources */ = {isa = PBXBuildFile; fileRef = 69CC091522CEBC9700ACCBD7 /* AppDelegate.swift */; };
		69CC091822CEBC9700ACCBD7 /* ProgramController.swift in Sources */ = {isa = PBXBuildFile; fileRef = 69CC091722CEBC9700ACCBD7 /* ProgramController.swift */; };
		69CC091B22CEBC9700ACCBD7 /* Program.storyboard in Resources */ = {isa = PBXBuildFile; fileRef = 69CC091922CEBC9700ACCBD7 /* Program.storyboard */; };
		69CC091D22CEBC9800ACCBD7 /* Assets.xcassets in Resources */ = {isa = PBXBuildFile; fileRef = 69CC091C22CEBC9800ACCBD7 /* Assets.xcassets */; };
		69CC092022CEBC9800ACCBD7 /* LaunchScreen.storyboard in Resources */ = {isa = PBXBuildFile; fileRef = 69CC091E22CEBC9800ACCBD7 /* LaunchScreen.storyboard */; };
		69CC092B22CEBC9800ACCBD7 /* SweatTests.swift in Sources */ = {isa = PBXBuildFile; fileRef = 69CC092A22CEBC9800ACCBD7 /* SweatTests.swift */; };
		69CC094122CEBFE700ACCBD7 /* trainer-programs.json in Resources */ = {isa = PBXBuildFile; fileRef = 69CC094022CEBFE700ACCBD7 /* trainer-programs.json */; };
		69CC094322CEC17400ACCBD7 /* program-selection.png in Resources */ = {isa = PBXBuildFile; fileRef = 69CC094222CEC17400ACCBD7 /* program-selection.png */; };
		69CC096222CED32F00ACCBD7 /* UITableView+CellRegistration.swift in Sources */ = {isa = PBXBuildFile; fileRef = 69CC095322CED32F00ACCBD7 /* UITableView+CellRegistration.swift */; };
		69CC096522CED33000ACCBD7 /* ViewWithNib.swift in Sources */ = {isa = PBXBuildFile; fileRef = 69CC095722CED32F00ACCBD7 /* ViewWithNib.swift */; };
		69CC096722CED33000ACCBD7 /* Reusable.swift in Sources */ = {isa = PBXBuildFile; fileRef = 69CC095922CED32F00ACCBD7 /* Reusable.swift */; };
		69CC097022CED84F00ACCBD7 /* ProgramViewModel.swift in Sources */ = {isa = PBXBuildFile; fileRef = 69CC096F22CED84F00ACCBD7 /* ProgramViewModel.swift */; };
		69CC097222CEDA4500ACCBD7 /* Localizable.strings in Resources */ = {isa = PBXBuildFile; fileRef = 69CC097122CEDA4500ACCBD7 /* Localizable.strings */; };
		69CC097522CEDC0F00ACCBD7 /* String+Localized.swift in Sources */ = {isa = PBXBuildFile; fileRef = 69CC097422CEDC0F00ACCBD7 /* String+Localized.swift */; };
		69CC097822CEE7DF00ACCBD7 /* ProgramTableViewCell.swift in Sources */ = {isa = PBXBuildFile; fileRef = 69CC097622CEE7DE00ACCBD7 /* ProgramTableViewCell.swift */; };
		69CC097922CEE7DF00ACCBD7 /* ProgramTableViewCell.xib in Resources */ = {isa = PBXBuildFile; fileRef = 69CC097722CEE7DF00ACCBD7 /* ProgramTableViewCell.xib */; };
		69CC097B22CEECDF00ACCBD7 /* Program.swift in Sources */ = {isa = PBXBuildFile; fileRef = 69CC097A22CEECDF00ACCBD7 /* Program.swift */; };
		69CC097D22CEF19300ACCBD7 /* String+Empty.swift in Sources */ = {isa = PBXBuildFile; fileRef = 69CC097C22CEF19300ACCBD7 /* String+Empty.swift */; };
		69CC097E22CEF23300ACCBD7 /* Montserrat-Bold.ttf in Resources */ = {isa = PBXBuildFile; fileRef = 69CC093C22CEBFBF00ACCBD7 /* Montserrat-Bold.ttf */; };
		69CC097F22CEF23600ACCBD7 /* OpenSans-Bold.ttf in Resources */ = {isa = PBXBuildFile; fileRef = 69CC093D22CEBFBF00ACCBD7 /* OpenSans-Bold.ttf */; };
		69CC098022CEF23900ACCBD7 /* OpenSans-Semibold.ttf in Resources */ = {isa = PBXBuildFile; fileRef = 69CC093E22CEBFBF00ACCBD7 /* OpenSans-Semibold.ttf */; };
		69CC098222CEF32800ACCBD7 /* Trainer.swift in Sources */ = {isa = PBXBuildFile; fileRef = 69CC098122CEF32700ACCBD7 /* Trainer.swift */; };
		69CC098422CEF33600ACCBD7 /* Tag.swift in Sources */ = {isa = PBXBuildFile; fileRef = 69CC098322CEF33600ACCBD7 /* Tag.swift */; };
		69CC098722CF0D9600ACCBD7 /* Theme.swift in Sources */ = {isa = PBXBuildFile; fileRef = 69CC098622CF0D9500ACCBD7 /* Theme.swift */; };
		69E567CA22D1AA45007F8768 /* TagsCollectionView.xib in Resources */ = {isa = PBXBuildFile; fileRef = 69E567C822D1AA45007F8768 /* TagsCollectionView.xib */; };
		69E567CB22D1AA45007F8768 /* TagsCollectionView.swift in Sources */ = {isa = PBXBuildFile; fileRef = 69E567C922D1AA45007F8768 /* TagsCollectionView.swift */; };
		69E567CE22D1AC4E007F8768 /* TagCollectionViewCell.xib in Resources */ = {isa = PBXBuildFile; fileRef = 69E567CC22D1AC4D007F8768 /* TagCollectionViewCell.xib */; };
		69E567CF22D1AC4E007F8768 /* TagCollectionViewCell.swift in Sources */ = {isa = PBXBuildFile; fileRef = 69E567CD22D1AC4D007F8768 /* TagCollectionViewCell.swift */; };
		69E567D222D1AE78007F8768 /* UICollectionView+Register.swift in Sources */ = {isa = PBXBuildFile; fileRef = 69E567D122D1AE77007F8768 /* UICollectionView+Register.swift */; };
		69FFD09C22D06FD400C313AF /* UIImageView+URL.swift in Sources */ = {isa = PBXBuildFile; fileRef = 69FFD09B22D06FD300C313AF /* UIImageView+URL.swift */; };
/* End PBXBuildFile section */

/* Begin PBXContainerItemProxy section */
		69CC092722CEBC9800ACCBD7 /* PBXContainerItemProxy */ = {
			isa = PBXContainerItemProxy;
			containerPortal = 69CC090A22CEBC9700ACCBD7 /* Project object */;
			proxyType = 1;
			remoteGlobalIDString = 69CC091122CEBC9700ACCBD7;
			remoteInfo = Sweat;
		};
/* End PBXContainerItemProxy section */

/* Begin PBXFileReference section */
		693A5BF922D015800029A3D0 /* Attribute.swift */ = {isa = PBXFileReference; lastKnownFileType = sourcecode.swift; path = Attribute.swift; sourceTree = "<group>"; };
		693A5BFD22D01A940029A3D0 /* ProgramClient.swift */ = {isa = PBXFileReference; lastKnownFileType = sourcecode.swift; path = ProgramClient.swift; sourceTree = "<group>"; };
		69CC091222CEBC9700ACCBD7 /* Sweat.app */ = {isa = PBXFileReference; explicitFileType = wrapper.application; includeInIndex = 0; path = Sweat.app; sourceTree = BUILT_PRODUCTS_DIR; };
		69CC091522CEBC9700ACCBD7 /* AppDelegate.swift */ = {isa = PBXFileReference; lastKnownFileType = sourcecode.swift; path = AppDelegate.swift; sourceTree = "<group>"; };
		69CC091722CEBC9700ACCBD7 /* ProgramController.swift */ = {isa = PBXFileReference; lastKnownFileType = sourcecode.swift; path = ProgramController.swift; sourceTree = "<group>"; };
		69CC091A22CEBC9700ACCBD7 /* Base */ = {isa = PBXFileReference; lastKnownFileType = file.storyboard; name = Base; path = Base.lproj/Program.storyboard; sourceTree = "<group>"; };
		69CC091C22CEBC9800ACCBD7 /* Assets.xcassets */ = {isa = PBXFileReference; lastKnownFileType = folder.assetcatalog; path = Assets.xcassets; sourceTree = "<group>"; };
		69CC091F22CEBC9800ACCBD7 /* Base */ = {isa = PBXFileReference; lastKnownFileType = file.storyboard; name = Base; path = Base.lproj/LaunchScreen.storyboard; sourceTree = "<group>"; };
		69CC092122CEBC9800ACCBD7 /* Info.plist */ = {isa = PBXFileReference; lastKnownFileType = text.plist.xml; path = Info.plist; sourceTree = "<group>"; };
		69CC092622CEBC9800ACCBD7 /* SweatTests.xctest */ = {isa = PBXFileReference; explicitFileType = wrapper.cfbundle; includeInIndex = 0; path = SweatTests.xctest; sourceTree = BUILT_PRODUCTS_DIR; };
		69CC092A22CEBC9800ACCBD7 /* SweatTests.swift */ = {isa = PBXFileReference; lastKnownFileType = sourcecode.swift; path = SweatTests.swift; sourceTree = "<group>"; };
		69CC092C22CEBC9800ACCBD7 /* Info.plist */ = {isa = PBXFileReference; lastKnownFileType = text.plist.xml; path = Info.plist; sourceTree = "<group>"; };
		69CC093C22CEBFBF00ACCBD7 /* Montserrat-Bold.ttf */ = {isa = PBXFileReference; lastKnownFileType = file; path = "Montserrat-Bold.ttf"; sourceTree = "<group>"; };
		69CC093D22CEBFBF00ACCBD7 /* OpenSans-Bold.ttf */ = {isa = PBXFileReference; lastKnownFileType = file; path = "OpenSans-Bold.ttf"; sourceTree = "<group>"; };
		69CC093E22CEBFBF00ACCBD7 /* OpenSans-Semibold.ttf */ = {isa = PBXFileReference; lastKnownFileType = file; path = "OpenSans-Semibold.ttf"; sourceTree = "<group>"; };
		69CC094022CEBFE700ACCBD7 /* trainer-programs.json */ = {isa = PBXFileReference; fileEncoding = 4; lastKnownFileType = text.json; path = "trainer-programs.json"; sourceTree = "<group>"; };
		69CC094222CEC17400ACCBD7 /* program-selection.png */ = {isa = PBXFileReference; lastKnownFileType = image.png; path = "program-selection.png"; sourceTree = "<group>"; };
		69CC095322CED32F00ACCBD7 /* UITableView+CellRegistration.swift */ = {isa = PBXFileReference; fileEncoding = 4; lastKnownFileType = sourcecode.swift; path = "UITableView+CellRegistration.swift"; sourceTree = "<group>"; };
		69CC095722CED32F00ACCBD7 /* ViewWithNib.swift */ = {isa = PBXFileReference; fileEncoding = 4; lastKnownFileType = sourcecode.swift; path = ViewWithNib.swift; sourceTree = "<group>"; };
		69CC095922CED32F00ACCBD7 /* Reusable.swift */ = {isa = PBXFileReference; fileEncoding = 4; lastKnownFileType = sourcecode.swift; path = Reusable.swift; sourceTree = "<group>"; };
		69CC096F22CED84F00ACCBD7 /* ProgramViewModel.swift */ = {isa = PBXFileReference; lastKnownFileType = sourcecode.swift; path = ProgramViewModel.swift; sourceTree = "<group>"; };
		69CC097122CEDA4500ACCBD7 /* Localizable.strings */ = {isa = PBXFileReference; fileEncoding = 4; lastKnownFileType = text.plist.strings; path = Localizable.strings; sourceTree = "<group>"; };
		69CC097422CEDC0F00ACCBD7 /* String+Localized.swift */ = {isa = PBXFileReference; fileEncoding = 4; lastKnownFileType = sourcecode.swift; path = "String+Localized.swift"; sourceTree = "<group>"; };
		69CC097622CEE7DE00ACCBD7 /* ProgramTableViewCell.swift */ = {isa = PBXFileReference; fileEncoding = 4; lastKnownFileType = sourcecode.swift; path = ProgramTableViewCell.swift; sourceTree = "<group>"; };
		69CC097722CEE7DF00ACCBD7 /* ProgramTableViewCell.xib */ = {isa = PBXFileReference; fileEncoding = 4; lastKnownFileType = file.xib; path = ProgramTableViewCell.xib; sourceTree = "<group>"; };
		69CC097A22CEECDF00ACCBD7 /* Program.swift */ = {isa = PBXFileReference; lastKnownFileType = sourcecode.swift; path = Program.swift; sourceTree = "<group>"; };
		69CC097C22CEF19300ACCBD7 /* String+Empty.swift */ = {isa = PBXFileReference; fileEncoding = 4; lastKnownFileType = sourcecode.swift; path = "String+Empty.swift"; sourceTree = "<group>"; };
		69CC098122CEF32700ACCBD7 /* Trainer.swift */ = {isa = PBXFileReference; lastKnownFileType = sourcecode.swift; path = Trainer.swift; sourceTree = "<group>"; };
		69CC098322CEF33600ACCBD7 /* Tag.swift */ = {isa = PBXFileReference; lastKnownFileType = sourcecode.swift; path = Tag.swift; sourceTree = "<group>"; };
		69CC098622CF0D9500ACCBD7 /* Theme.swift */ = {isa = PBXFileReference; fileEncoding = 4; lastKnownFileType = sourcecode.swift; path = Theme.swift; sourceTree = "<group>"; };
		69E567C822D1AA45007F8768 /* TagsCollectionView.xib */ = {isa = PBXFileReference; fileEncoding = 4; lastKnownFileType = file.xib; path = TagsCollectionView.xib; sourceTree = "<group>"; };
		69E567C922D1AA45007F8768 /* TagsCollectionView.swift */ = {isa = PBXFileReference; fileEncoding = 4; lastKnownFileType = sourcecode.swift; path = TagsCollectionView.swift; sourceTree = "<group>"; };
		69E567CC22D1AC4D007F8768 /* TagCollectionViewCell.xib */ = {isa = PBXFileReference; fileEncoding = 4; lastKnownFileType = file.xib; path = TagCollectionViewCell.xib; sourceTree = "<group>"; };
		69E567CD22D1AC4D007F8768 /* TagCollectionViewCell.swift */ = {isa = PBXFileReference; fileEncoding = 4; lastKnownFileType = sourcecode.swift; path = TagCollectionViewCell.swift; sourceTree = "<group>"; };
		69E567D122D1AE77007F8768 /* UICollectionView+Register.swift */ = {isa = PBXFileReference; fileEncoding = 4; lastKnownFileType = sourcecode.swift; path = "UICollectionView+Register.swift"; sourceTree = "<group>"; };
		69FFD09B22D06FD300C313AF /* UIImageView+URL.swift */ = {isa = PBXFileReference; fileEncoding = 4; lastKnownFileType = sourcecode.swift; path = "UIImageView+URL.swift"; sourceTree = "<group>"; };
/* End PBXFileReference section */

/* Begin PBXFrameworksBuildPhase section */
		69CC090F22CEBC9700ACCBD7 /* Frameworks */ = {
			isa = PBXFrameworksBuildPhase;
			buildActionMask = 2147483647;
			files = (
			);
			runOnlyForDeploymentPostprocessing = 0;
		};
		69CC092322CEBC9800ACCBD7 /* Frameworks */ = {
			isa = PBXFrameworksBuildPhase;
			buildActionMask = 2147483647;
			files = (
			);
			runOnlyForDeploymentPostprocessing = 0;
		};
/* End PBXFrameworksBuildPhase section */

/* Begin PBXGroup section */
		693A5BFC22D01A820029A3D0 /* API */ = {
			isa = PBXGroup;
			children = (
				693A5BFD22D01A940029A3D0 /* ProgramClient.swift */,
			);
			path = API;
			sourceTree = "<group>";
		};
		69CC090922CEBC9700ACCBD7 = {
			isa = PBXGroup;
			children = (
				69CC091422CEBC9700ACCBD7 /* Sweat */,
				69CC092922CEBC9800ACCBD7 /* SweatTests */,
				69CC093522CEBD4100ACCBD7 /* Supporting Files */,
				69CC091322CEBC9700ACCBD7 /* Products */,
			);
			sourceTree = "<group>";
		};
		69CC091322CEBC9700ACCBD7 /* Products */ = {
			isa = PBXGroup;
			children = (
				69CC091222CEBC9700ACCBD7 /* Sweat.app */,
				69CC092622CEBC9800ACCBD7 /* SweatTests.xctest */,
			);
			name = Products;
			sourceTree = "<group>";
		};
		69CC091422CEBC9700ACCBD7 /* Sweat */ = {
			isa = PBXGroup;
			children = (
				69CC091522CEBC9700ACCBD7 /* AppDelegate.swift */,
				693A5BFC22D01A820029A3D0 /* API */,
				69CC094422CEC1F900ACCBD7 /* Program */,
				69CC093F22CEBFDD00ACCBD7 /* Data */,
				69CC098522CF0D9500ACCBD7 /* Theme */,
				69CC093622CEBDA400ACCBD7 /* Extentions */,
			);
			path = Sweat;
			sourceTree = "<group>";
		};
		69CC092922CEBC9800ACCBD7 /* SweatTests */ = {
			isa = PBXGroup;
			children = (
				69CC092A22CEBC9800ACCBD7 /* SweatTests.swift */,
				69CC092C22CEBC9800ACCBD7 /* Info.plist */,
			);
			path = SweatTests;
			sourceTree = "<group>";
		};
		69CC093522CEBD4100ACCBD7 /* Supporting Files */ = {
			isa = PBXGroup;
			children = (
				69CC097122CEDA4500ACCBD7 /* Localizable.strings */,
				69CC094222CEC17400ACCBD7 /* program-selection.png */,
				69CC092122CEBC9800ACCBD7 /* Info.plist */,
				69CC091C22CEBC9800ACCBD7 /* Assets.xcassets */,
				69CC091E22CEBC9800ACCBD7 /* LaunchScreen.storyboard */,
				69CC093B22CEBE4400ACCBD7 /* Fonts */,
			);
			path = "Supporting Files";
			sourceTree = "<group>";
		};
		69CC093622CEBDA400ACCBD7 /* Extentions */ = {
			isa = PBXGroup;
			children = (
				69E567D022D1AE77007F8768 /* UICollectionView */,
				69FFD09A22D06FD300C313AF /* UIImageView */,
				69CC097322CEDC0F00ACCBD7 /* Foundation */,
				69CC095222CED32F00ACCBD7 /* UITableView */,
				69CC095622CED32F00ACCBD7 /* UIView */,
			);
			path = Extentions;
			sourceTree = "<group>";
		};
		69CC093722CEBDAD00ACCBD7 /* Model */ = {
			isa = PBXGroup;
			children = (
				69CC098322CEF33600ACCBD7 /* Tag.swift */,
				69CC098122CEF32700ACCBD7 /* Trainer.swift */,
				69CC097A22CEECDF00ACCBD7 /* Program.swift */,
				693A5BF922D015800029A3D0 /* Attribute.swift */,
			);
			path = Model;
			sourceTree = "<group>";
		};
		69CC093822CEBDB300ACCBD7 /* Views */ = {
			isa = PBXGroup;
			children = (
				69CC091922CEBC9700ACCBD7 /* Program.storyboard */,
				69CC097622CEE7DE00ACCBD7 /* ProgramTableViewCell.swift */,
				69CC097722CEE7DF00ACCBD7 /* ProgramTableViewCell.xib */,
				69E567C922D1AA45007F8768 /* TagsCollectionView.swift */,
				69E567C822D1AA45007F8768 /* TagsCollectionView.xib */,
				69E567CD22D1AC4D007F8768 /* TagCollectionViewCell.swift */,
				69E567CC22D1AC4D007F8768 /* TagCollectionViewCell.xib */,
			);
			path = Views;
			sourceTree = "<group>";
		};
		69CC093922CEBDC300ACCBD7 /* Controller */ = {
			isa = PBXGroup;
			children = (
				69CC091722CEBC9700ACCBD7 /* ProgramController.swift */,
			);
			path = Controller;
			sourceTree = "<group>";
		};
		69CC093B22CEBE4400ACCBD7 /* Fonts */ = {
			isa = PBXGroup;
			children = (
				69CC093C22CEBFBF00ACCBD7 /* Montserrat-Bold.ttf */,
				69CC093D22CEBFBF00ACCBD7 /* OpenSans-Bold.ttf */,
				69CC093E22CEBFBF00ACCBD7 /* OpenSans-Semibold.ttf */,
			);
			path = Fonts;
			sourceTree = "<group>";
		};
		69CC093F22CEBFDD00ACCBD7 /* Data */ = {
			isa = PBXGroup;
			children = (
				69CC094022CEBFE700ACCBD7 /* trainer-programs.json */,
			);
			path = Data;
			sourceTree = "<group>";
		};
		69CC094422CEC1F900ACCBD7 /* Program */ = {
			isa = PBXGroup;
			children = (
				69CC093822CEBDB300ACCBD7 /* Views */,
				69CC093722CEBDAD00ACCBD7 /* Model */,
				69CC094522CED1FC00ACCBD7 /* ViewModel */,
				69CC093922CEBDC300ACCBD7 /* Controller */,
			);
			path = Program;
			sourceTree = "<group>";
		};
		69CC094522CED1FC00ACCBD7 /* ViewModel */ = {
			isa = PBXGroup;
			children = (
				69CC096F22CED84F00ACCBD7 /* ProgramViewModel.swift */,
			);
			path = ViewModel;
			sourceTree = "<group>";
		};
		69CC095222CED32F00ACCBD7 /* UITableView */ = {
			isa = PBXGroup;
			children = (
				69CC095322CED32F00ACCBD7 /* UITableView+CellRegistration.swift */,
			);
			path = UITableView;
			sourceTree = "<group>";
		};
		69CC095622CED32F00ACCBD7 /* UIView */ = {
			isa = PBXGroup;
			children = (
				69CC095722CED32F00ACCBD7 /* ViewWithNib.swift */,
				69CC095922CED32F00ACCBD7 /* Reusable.swift */,
			);
			path = UIView;
			sourceTree = "<group>";
		};
		69CC097322CEDC0F00ACCBD7 /* Foundation */ = {
			isa = PBXGroup;
			children = (
				69CC097C22CEF19300ACCBD7 /* String+Empty.swift */,
				69CC097422CEDC0F00ACCBD7 /* String+Localized.swift */,
			);
			path = Foundation;
			sourceTree = "<group>";
		};
		69CC098522CF0D9500ACCBD7 /* Theme */ = {
			isa = PBXGroup;
			children = (
				69CC098622CF0D9500ACCBD7 /* Theme.swift */,
			);
			path = Theme;
			sourceTree = "<group>";
		};
		69E567D022D1AE77007F8768 /* UICollectionView */ = {
			isa = PBXGroup;
			children = (
				69E567D122D1AE77007F8768 /* UICollectionView+Register.swift */,
			);
			path = UICollectionView;
			sourceTree = "<group>";
		};
		69FFD09A22D06FD300C313AF /* UIImageView */ = {
			isa = PBXGroup;
			children = (
				69FFD09B22D06FD300C313AF /* UIImageView+URL.swift */,
			);
			path = UIImageView;
			sourceTree = "<group>";
		};
/* End PBXGroup section */

/* Begin PBXNativeTarget section */
		69CC091122CEBC9700ACCBD7 /* Sweat */ = {
			isa = PBXNativeTarget;
			buildConfigurationList = 69CC092F22CEBC9800ACCBD7 /* Build configuration list for PBXNativeTarget "Sweat" */;
			buildPhases = (
				69CC090E22CEBC9700ACCBD7 /* Sources */,
				69CC090F22CEBC9700ACCBD7 /* Frameworks */,
				69CC091022CEBC9700ACCBD7 /* Resources */,
			);
			buildRules = (
			);
			dependencies = (
			);
			name = Sweat;
			productName = Sweat;
			productReference = 69CC091222CEBC9700ACCBD7 /* Sweat.app */;
			productType = "com.apple.product-type.application";
		};
		69CC092522CEBC9800ACCBD7 /* SweatTests */ = {
			isa = PBXNativeTarget;
			buildConfigurationList = 69CC093222CEBC9800ACCBD7 /* Build configuration list for PBXNativeTarget "SweatTests" */;
			buildPhases = (
				69CC092222CEBC9800ACCBD7 /* Sources */,
				69CC092322CEBC9800ACCBD7 /* Frameworks */,
				69CC092422CEBC9800ACCBD7 /* Resources */,
			);
			buildRules = (
			);
			dependencies = (
				69CC092822CEBC9800ACCBD7 /* PBXTargetDependency */,
			);
			name = SweatTests;
			productName = SweatTests;
			productReference = 69CC092622CEBC9800ACCBD7 /* SweatTests.xctest */;
			productType = "com.apple.product-type.bundle.unit-test";
		};
/* End PBXNativeTarget section */

/* Begin PBXProject section */
		69CC090A22CEBC9700ACCBD7 /* Project object */ = {
			isa = PBXProject;
			attributes = {
				LastSwiftUpdateCheck = 1020;
				LastUpgradeCheck = 1020;
				ORGANIZATIONNAME = r00tdvd;
				TargetAttributes = {
					69CC091122CEBC9700ACCBD7 = {
						CreatedOnToolsVersion = 10.2.1;
					};
					69CC092522CEBC9800ACCBD7 = {
						CreatedOnToolsVersion = 10.2.1;
						TestTargetID = 69CC091122CEBC9700ACCBD7;
					};
				};
			};
			buildConfigurationList = 69CC090D22CEBC9700ACCBD7 /* Build configuration list for PBXProject "Sweat" */;
			compatibilityVersion = "Xcode 9.3";
			developmentRegion = en;
			hasScannedForEncodings = 0;
			knownRegions = (
				en,
				Base,
			);
			mainGroup = 69CC090922CEBC9700ACCBD7;
			productRefGroup = 69CC091322CEBC9700ACCBD7 /* Products */;
			projectDirPath = "";
			projectRoot = "";
			targets = (
				69CC091122CEBC9700ACCBD7 /* Sweat */,
				69CC092522CEBC9800ACCBD7 /* SweatTests */,
			);
		};
/* End PBXProject section */

/* Begin PBXResourcesBuildPhase section */
		69CC091022CEBC9700ACCBD7 /* Resources */ = {
			isa = PBXResourcesBuildPhase;
			buildActionMask = 2147483647;
			files = (
				69CC092022CEBC9800ACCBD7 /* LaunchScreen.storyboard in Resources */,
				69CC097222CEDA4500ACCBD7 /* Localizable.strings in Resources */,
				69E567CA22D1AA45007F8768 /* TagsCollectionView.xib in Resources */,
				69CC091D22CEBC9800ACCBD7 /* Assets.xcassets in Resources */,
				69CC094122CEBFE700ACCBD7 /* trainer-programs.json in Resources */,
				69CC098022CEF23900ACCBD7 /* OpenSans-Semibold.ttf in Resources */,
				69CC097E22CEF23300ACCBD7 /* Montserrat-Bold.ttf in Resources */,
				69CC097F22CEF23600ACCBD7 /* OpenSans-Bold.ttf in Resources */,
				69CC097922CEE7DF00ACCBD7 /* ProgramTableViewCell.xib in Resources */,
				69E567CE22D1AC4E007F8768 /* TagCollectionViewCell.xib in Resources */,
				69CC094322CEC17400ACCBD7 /* program-selection.png in Resources */,
				69CC091B22CEBC9700ACCBD7 /* Program.storyboard in Resources */,
			);
			runOnlyForDeploymentPostprocessing = 0;
		};
		69CC092422CEBC9800ACCBD7 /* Resources */ = {
			isa = PBXResourcesBuildPhase;
			buildActionMask = 2147483647;
			files = (
			);
			runOnlyForDeploymentPostprocessing = 0;
		};
/* End PBXResourcesBuildPhase section */

/* Begin PBXSourcesBuildPhase section */
		69CC090E22CEBC9700ACCBD7 /* Sources */ = {
			isa = PBXSourcesBuildPhase;
			buildActionMask = 2147483647;
			files = (
				693A5BFA22D015800029A3D0 /* Attribute.swift in Sources */,
				69CC091822CEBC9700ACCBD7 /* ProgramController.swift in Sources */,
				69CC098422CEF33600ACCBD7 /* Tag.swift in Sources */,
				69CC096722CED33000ACCBD7 /* Reusable.swift in Sources */,
				69CC091622CEBC9700ACCBD7 /* AppDelegate.swift in Sources */,
				69CC096222CED32F00ACCBD7 /* UITableView+CellRegistration.swift in Sources */,
				69CC097022CED84F00ACCBD7 /* ProgramViewModel.swift in Sources */,
				69E567D222D1AE78007F8768 /* UICollectionView+Register.swift in Sources */,
				69CC098222CEF32800ACCBD7 /* Trainer.swift in Sources */,
				69E567CF22D1AC4E007F8768 /* TagCollectionViewCell.swift in Sources */,
				69CC097522CEDC0F00ACCBD7 /* String+Localized.swift in Sources */,
				69CC097822CEE7DF00ACCBD7 /* ProgramTableViewCell.swift in Sources */,
				69CC098722CF0D9600ACCBD7 /* Theme.swift in Sources */,
				69CC097B22CEECDF00ACCBD7 /* Program.swift in Sources */,
				69CC096522CED33000ACCBD7 /* ViewWithNib.swift in Sources */,
				69E567CB22D1AA45007F8768 /* TagsCollectionView.swift in Sources */,
				69CC097D22CEF19300ACCBD7 /* String+Empty.swift in Sources */,
				69FFD09C22D06FD400C313AF /* UIImageView+URL.swift in Sources */,
				693A5BFE22D01A940029A3D0 /* ProgramClient.swift in Sources */,
			);
			runOnlyForDeploymentPostprocessing = 0;
		};
		69CC092222CEBC9800ACCBD7 /* Sources */ = {
			isa = PBXSourcesBuildPhase;
			buildActionMask = 2147483647;
			files = (
				69CC092B22CEBC9800ACCBD7 /* SweatTests.swift in Sources */,
			);
			runOnlyForDeploymentPostprocessing = 0;
		};
/* End PBXSourcesBuildPhase section */

/* Begin PBXTargetDependency section */
		69CC092822CEBC9800ACCBD7 /* PBXTargetDependency */ = {
			isa = PBXTargetDependency;
			target = 69CC091122CEBC9700ACCBD7 /* Sweat */;
			targetProxy = 69CC092722CEBC9800ACCBD7 /* PBXContainerItemProxy */;
		};
/* End PBXTargetDependency section */

/* Begin PBXVariantGroup section */
		69CC091922CEBC9700ACCBD7 /* Program.storyboard */ = {
			isa = PBXVariantGroup;
			children = (
				69CC091A22CEBC9700ACCBD7 /* Base */,
			);
			name = Program.storyboard;
			sourceTree = "<group>";
		};
		69CC091E22CEBC9800ACCBD7 /* LaunchScreen.storyboard */ = {
			isa = PBXVariantGroup;
			children = (
				69CC091F22CEBC9800ACCBD7 /* Base */,
			);
			name = LaunchScreen.storyboard;
			sourceTree = "<group>";
		};
/* End PBXVariantGroup section */

/* Begin XCBuildConfiguration section */
		69CC092D22CEBC9800ACCBD7 /* Debug */ = {
			isa = XCBuildConfiguration;
			buildSettings = {
				ALWAYS_SEARCH_USER_PATHS = NO;
				CLANG_ANALYZER_NONNULL = YES;
				CLANG_ANALYZER_NUMBER_OBJECT_CONVERSION = YES_AGGRESSIVE;
				CLANG_CXX_LANGUAGE_STANDARD = "gnu++14";
				CLANG_CXX_LIBRARY = "libc++";
				CLANG_ENABLE_MODULES = YES;
				CLANG_ENABLE_OBJC_ARC = YES;
				CLANG_ENABLE_OBJC_WEAK = YES;
				CLANG_WARN_BLOCK_CAPTURE_AUTORELEASING = YES;
				CLANG_WARN_BOOL_CONVERSION = YES;
				CLANG_WARN_COMMA = YES;
				CLANG_WARN_CONSTANT_CONVERSION = YES;
				CLANG_WARN_DEPRECATED_OBJC_IMPLEMENTATIONS = YES;
				CLANG_WARN_DIRECT_OBJC_ISA_USAGE = YES_ERROR;
				CLANG_WARN_DOCUMENTATION_COMMENTS = YES;
				CLANG_WARN_EMPTY_BODY = YES;
				CLANG_WARN_ENUM_CONVERSION = YES;
				CLANG_WARN_INFINITE_RECURSION = YES;
				CLANG_WARN_INT_CONVERSION = YES;
				CLANG_WARN_NON_LITERAL_NULL_CONVERSION = YES;
				CLANG_WARN_OBJC_IMPLICIT_RETAIN_SELF = YES;
				CLANG_WARN_OBJC_LITERAL_CONVERSION = YES;
				CLANG_WARN_OBJC_ROOT_CLASS = YES_ERROR;
				CLANG_WARN_RANGE_LOOP_ANALYSIS = YES;
				CLANG_WARN_STRICT_PROTOTYPES = YES;
				CLANG_WARN_SUSPICIOUS_MOVE = YES;
				CLANG_WARN_UNGUARDED_AVAILABILITY = YES_AGGRESSIVE;
				CLANG_WARN_UNREACHABLE_CODE = YES;
				CLANG_WARN__DUPLICATE_METHOD_MATCH = YES;
				CODE_SIGN_IDENTITY = "iPhone Developer";
				COPY_PHASE_STRIP = NO;
				DEBUG_INFORMATION_FORMAT = dwarf;
				ENABLE_STRICT_OBJC_MSGSEND = YES;
				ENABLE_TESTABILITY = YES;
				GCC_C_LANGUAGE_STANDARD = gnu11;
				GCC_DYNAMIC_NO_PIC = NO;
				GCC_NO_COMMON_BLOCKS = YES;
				GCC_OPTIMIZATION_LEVEL = 0;
				GCC_PREPROCESSOR_DEFINITIONS = (
					"DEBUG=1",
					"$(inherited)",
				);
				GCC_WARN_64_TO_32_BIT_CONVERSION = YES;
				GCC_WARN_ABOUT_RETURN_TYPE = YES_ERROR;
				GCC_WARN_UNDECLARED_SELECTOR = YES;
				GCC_WARN_UNINITIALIZED_AUTOS = YES_AGGRESSIVE;
				GCC_WARN_UNUSED_FUNCTION = YES;
				GCC_WARN_UNUSED_VARIABLE = YES;
				IPHONEOS_DEPLOYMENT_TARGET = 12.1;
				MTL_ENABLE_DEBUG_INFO = INCLUDE_SOURCE;
				MTL_FAST_MATH = YES;
				ONLY_ACTIVE_ARCH = YES;
				SDKROOT = iphoneos;
				SWIFT_ACTIVE_COMPILATION_CONDITIONS = DEBUG;
				SWIFT_OPTIMIZATION_LEVEL = "-Onone";
			};
			name = Debug;
		};
		69CC092E22CEBC9800ACCBD7 /* Release */ = {
			isa = XCBuildConfiguration;
			buildSettings = {
				ALWAYS_SEARCH_USER_PATHS = NO;
				CLANG_ANALYZER_NONNULL = YES;
				CLANG_ANALYZER_NUMBER_OBJECT_CONVERSION = YES_AGGRESSIVE;
				CLANG_CXX_LANGUAGE_STANDARD = "gnu++14";
				CLANG_CXX_LIBRARY = "libc++";
				CLANG_ENABLE_MODULES = YES;
				CLANG_ENABLE_OBJC_ARC = YES;
				CLANG_ENABLE_OBJC_WEAK = YES;
				CLANG_WARN_BLOCK_CAPTURE_AUTORELEASING = YES;
				CLANG_WARN_BOOL_CONVERSION = YES;
				CLANG_WARN_COMMA = YES;
				CLANG_WARN_CONSTANT_CONVERSION = YES;
				CLANG_WARN_DEPRECATED_OBJC_IMPLEMENTATIONS = YES;
				CLANG_WARN_DIRECT_OBJC_ISA_USAGE = YES_ERROR;
				CLANG_WARN_DOCUMENTATION_COMMENTS = YES;
				CLANG_WARN_EMPTY_BODY = YES;
				CLANG_WARN_ENUM_CONVERSION = YES;
				CLANG_WARN_INFINITE_RECURSION = YES;
				CLANG_WARN_INT_CONVERSION = YES;
				CLANG_WARN_NON_LITERAL_NULL_CONVERSION = YES;
				CLANG_WARN_OBJC_IMPLICIT_RETAIN_SELF = YES;
				CLANG_WARN_OBJC_LITERAL_CONVERSION = YES;
				CLANG_WARN_OBJC_ROOT_CLASS = YES_ERROR;
				CLANG_WARN_RANGE_LOOP_ANALYSIS = YES;
				CLANG_WARN_STRICT_PROTOTYPES = YES;
				CLANG_WARN_SUSPICIOUS_MOVE = YES;
				CLANG_WARN_UNGUARDED_AVAILABILITY = YES_AGGRESSIVE;
				CLANG_WARN_UNREACHABLE_CODE = YES;
				CLANG_WARN__DUPLICATE_METHOD_MATCH = YES;
				CODE_SIGN_IDENTITY = "iPhone Developer";
				COPY_PHASE_STRIP = NO;
				DEBUG_INFORMATION_FORMAT = "dwarf-with-dsym";
				ENABLE_NS_ASSERTIONS = NO;
				ENABLE_STRICT_OBJC_MSGSEND = YES;
				GCC_C_LANGUAGE_STANDARD = gnu11;
				GCC_NO_COMMON_BLOCKS = YES;
				GCC_WARN_64_TO_32_BIT_CONVERSION = YES;
				GCC_WARN_ABOUT_RETURN_TYPE = YES_ERROR;
				GCC_WARN_UNDECLARED_SELECTOR = YES;
				GCC_WARN_UNINITIALIZED_AUTOS = YES_AGGRESSIVE;
				GCC_WARN_UNUSED_FUNCTION = YES;
				GCC_WARN_UNUSED_VARIABLE = YES;
				IPHONEOS_DEPLOYMENT_TARGET = 12.1;
				MTL_ENABLE_DEBUG_INFO = NO;
				MTL_FAST_MATH = YES;
				SDKROOT = iphoneos;
				SWIFT_COMPILATION_MODE = wholemodule;
				SWIFT_OPTIMIZATION_LEVEL = "-O";
				VALIDATE_PRODUCT = YES;
			};
			name = Release;
		};
		69CC093022CEBC9800ACCBD7 /* Debug */ = {
			isa = XCBuildConfiguration;
			buildSettings = {
				ASSETCATALOG_COMPILER_APPICON_NAME = AppIcon;
				CODE_SIGN_STYLE = Automatic;
				DEVELOPMENT_TEAM = 482LCHR832;
				INFOPLIST_FILE = "$(SRCROOT)/Supporting Files/Info.plist";
				LD_RUNPATH_SEARCH_PATHS = (
					"$(inherited)",
					"@executable_path/Frameworks",
				);
				PRODUCT_BUNDLE_IDENTIFIER = au.com.nettrinity.Sweat;
				PRODUCT_NAME = "$(TARGET_NAME)";
				SWIFT_VERSION = 5.0;
				TARGETED_DEVICE_FAMILY = "1,2";
			};
			name = Debug;
		};
		69CC093122CEBC9800ACCBD7 /* Release */ = {
			isa = XCBuildConfiguration;
			buildSettings = {
				ASSETCATALOG_COMPILER_APPICON_NAME = AppIcon;
				CODE_SIGN_STYLE = Automatic;
				DEVELOPMENT_TEAM = 482LCHR832;
				INFOPLIST_FILE = "$(SRCROOT)/Supporting Files/Info.plist";
				LD_RUNPATH_SEARCH_PATHS = (
					"$(inherited)",
					"@executable_path/Frameworks",
				);
				PRODUCT_BUNDLE_IDENTIFIER = au.com.nettrinity.Sweat;
				PRODUCT_NAME = "$(TARGET_NAME)";
				SWIFT_VERSION = 5.0;
				TARGETED_DEVICE_FAMILY = "1,2";
			};
			name = Release;
		};
		69CC093322CEBC9800ACCBD7 /* Debug */ = {
			isa = XCBuildConfiguration;
			buildSettings = {
				ALWAYS_EMBED_SWIFT_STANDARD_LIBRARIES = YES;
				BUNDLE_LOADER = "$(TEST_HOST)";
				CODE_SIGN_STYLE = Automatic;
				DEVELOPMENT_TEAM = 482LCHR832;
				INFOPLIST_FILE = SweatTests/Info.plist;
				LD_RUNPATH_SEARCH_PATHS = (
					"$(inherited)",
					"@executable_path/Frameworks",
					"@loader_path/Frameworks",
				);
				PRODUCT_BUNDLE_IDENTIFIER = au.com.nettrinity.SweatTests;
				PRODUCT_NAME = "$(TARGET_NAME)";
				SWIFT_VERSION = 5.0;
				TARGETED_DEVICE_FAMILY = "1,2";
				TEST_HOST = "$(BUILT_PRODUCTS_DIR)/Sweat.app/Sweat";
			};
			name = Debug;
		};
		69CC093422CEBC9800ACCBD7 /* Release */ = {
			isa = XCBuildConfiguration;
			buildSettings = {
				ALWAYS_EMBED_SWIFT_STANDARD_LIBRARIES = YES;
				BUNDLE_LOADER = "$(TEST_HOST)";
				CODE_SIGN_STYLE = Automatic;
				DEVELOPMENT_TEAM = 482LCHR832;
				INFOPLIST_FILE = SweatTests/Info.plist;
				LD_RUNPATH_SEARCH_PATHS = (
					"$(inherited)",
					"@executable_path/Frameworks",
					"@loader_path/Frameworks",
				);
				PRODUCT_BUNDLE_IDENTIFIER = au.com.nettrinity.SweatTests;
				PRODUCT_NAME = "$(TARGET_NAME)";
				SWIFT_VERSION = 5.0;
				TARGETED_DEVICE_FAMILY = "1,2";
				TEST_HOST = "$(BUILT_PRODUCTS_DIR)/Sweat.app/Sweat";
			};
			name = Release;
		};
/* End XCBuildConfiguration section */

/* Begin XCConfigurationList section */
		69CC090D22CEBC9700ACCBD7 /* Build configuration list for PBXProject "Sweat" */ = {
			isa = XCConfigurationList;
			buildConfigurations = (
				69CC092D22CEBC9800ACCBD7 /* Debug */,
				69CC092E22CEBC9800ACCBD7 /* Release */,
			);
			defaultConfigurationIsVisible = 0;
			defaultConfigurationName = Release;
		};
		69CC092F22CEBC9800ACCBD7 /* Build configuration list for PBXNativeTarget "Sweat" */ = {
			isa = XCConfigurationList;
			buildConfigurations = (
				69CC093022CEBC9800ACCBD7 /* Debug */,
				69CC093122CEBC9800ACCBD7 /* Release */,
			);
			defaultConfigurationIsVisible = 0;
			defaultConfigurationName = Release;
		};
		69CC093222CEBC9800ACCBD7 /* Build configuration list for PBXNativeTarget "SweatTests" */ = {
			isa = XCConfigurationList;
			buildConfigurations = (
				69CC093322CEBC9800ACCBD7 /* Debug */,
				69CC093422CEBC9800ACCBD7 /* Release */,
			);
			defaultConfigurationIsVisible = 0;
			defaultConfigurationName = Release;
		};
/* End XCConfigurationList section */
	};
	rootObject = 69CC090A22CEBC9700ACCBD7 /* Project object */;
}
